
Microsoft Visual Studio Solution File, Format Version 12.00
# Visual Studio Version 16
VisualStudioVersion = 16.0.31321.278
MinimumVisualStudioVersion = 10.0.40219.1
Project("{FAE04EC0-301F-11D3-BF4B-00C04F79EFBC}") = "TlsChecker", "TlsChecker.csproj", "{BFA677EE-04D1-4772-B592-81AC99DDE16D}"
EndProject
Global
	GlobalSection(SolutionConfigurationPlatforms) = preSolution
		Debug|Any CPU = Debug|Any CPU
		Release|Any CPU = Release|Any CPU
	EndGlobalSection
	GlobalSection(ProjectConfigurationPlatforms) = postSolution
		{BFA677EE-04D1-4772-B592-81AC99DDE16D}.Debug|Any CPU.ActiveCfg = Debug|Any CPU
		{BFA677EE-04D1-4772-B592-81AC99DDE16D}.Debug|Any CPU.Build.0 = Debug|Any CPU
		{BFA677EE-04D1-4772-B592-81AC99DDE16D}.Release|Any CPU.ActiveCfg = Release|Any CPU
		{BFA677EE-04D1-4772-B592-81AC99DDE16D}.Release|Any CPU.Build.0 = Release|Any CPU
	EndGlobalSection
	GlobalSection(SolutionProperties) = preSolution
		HideSolutionNode = FALSE
	EndGlobalSection
	GlobalSection(ExtensibilityGlobals) = postSolution
		SolutionGuid = {447C9A4F-AEB0-4DE1-8008-6E89E09EB1BB}
	EndGlobalSection
EndGlobal
